
Microsoft Visual Studio Solution File, Format Version 12.00
# Visual Studio Version 16
VisualStudioVersion = 16.0.31515.178
MinimumVisualStudioVersion = 10.0.40219.1
Project("{FAE04EC0-301F-11D3-BF4B-00C04F79EFBC}") = "ProductReviewManagement_LINQ", "ProductReviewManagement_LINQ\ProductReviewManagement_LINQ.csproj", "{A1AA715D-7F48-43DF-9932-4336A6BC499C}"
EndProject
Global
	GlobalSection(SolutionConfigurationPlatforms) = preSolution
		Debug|Any CPU = Debug|Any CPU
		Release|Any CPU = Release|Any CPU
	EndGlobalSection
	GlobalSection(ProjectConfigurationPlatforms) = postSolution
		{A1AA715D-7F48-43DF-9932-4336A6BC499C}.Debug|Any CPU.ActiveCfg = Debug|Any CPU
		{A1AA715D-7F48-43DF-9932-4336A6BC499C}.Debug|Any CPU.Build.0 = Debug|Any CPU
		{A1AA715D-7F48-43DF-9932-4336A6BC499C}.Release|Any CPU.ActiveCfg = Release|Any CPU
		{A1AA715D-7F48-43DF-9932-4336A6BC499C}.Release|Any CPU.Build.0 = Release|Any CPU
	EndGlobalSection
	GlobalSection(SolutionProperties) = preSolution
		HideSolutionNode = FALSE
	EndGlobalSection
	GlobalSection(ExtensibilityGlobals) = postSolution
		SolutionGuid = {A0E0B768-0BA0-4930-8222-036ACBE84713}
	EndGlobalSection
EndGlobal
